
Microsoft Visual Studio Solution File, Format Version 12.00
# Visual Studio Version 16
VisualStudioVersion = 16.0.31025.194
MinimumVisualStudioVersion = 10.0.40219.1
Project("{FAE04EC0-301F-11D3-BF4B-00C04F79EFBC}") = "MVC", "MVC\MVC.csproj", "{AFDF4DC1-2519-46AD-89FA-1007AB31BFCF}"
EndProject
Global
	GlobalSection(SolutionConfigurationPlatforms) = preSolution
		Debug|Any CPU = Debug|Any CPU
		Release|Any CPU = Release|Any CPU
	EndGlobalSection
	GlobalSection(ProjectConfigurationPlatforms) = postSolution
		{AFDF4DC1-2519-46AD-89FA-1007AB31BFCF}.Debug|Any CPU.ActiveCfg = Debug|Any CPU
		{AFDF4DC1-2519-46AD-89FA-1007AB31BFCF}.Debug|Any CPU.Build.0 = Debug|Any CPU
		{AFDF4DC1-2519-46AD-89FA-1007AB31BFCF}.Release|Any CPU.ActiveCfg = Release|Any CPU
		{AFDF4DC1-2519-46AD-89FA-1007AB31BFCF}.Release|Any CPU.Build.0 = Release|Any CPU
	EndGlobalSection
	GlobalSection(SolutionProperties) = preSolution
		HideSolutionNode = FALSE
	EndGlobalSection
	GlobalSection(ExtensibilityGlobals) = postSolution
		SolutionGuid = {DE6BC1B7-A45F-40FB-91B8-8293D073A5E1}
	EndGlobalSection
EndGlobal
